
Microsoft Visual Studio Solution File, Format Version 12.00
# Visual Studio Version 17
VisualStudioVersion = 17.9.34714.143
MinimumVisualStudioVersion = 10.0.40219.1
Project("{FAE04EC0-301F-11D3-BF4B-00C04F79EFBC}") = "PasswordGenerator", "PasswordGenerator\PasswordGenerator.csproj", "{B1357781-B0A9-4BCE-AD19-263F9B302643}"
EndProject
Project("{FAE04EC0-301F-11D3-BF4B-00C04F79EFBC}") = "PasswordGeneratorTests", "PasswordGeneratorTests\PasswordGeneratorTests.csproj", "{90F9E724-FC8D-43D5-B725-A19F4A28177A}"
EndProject
Global
	GlobalSection(SolutionConfigurationPlatforms) = preSolution
		Debug|Any CPU = Debug|Any CPU
		Release|Any CPU = Release|Any CPU
	EndGlobalSection
	GlobalSection(ProjectConfigurationPlatforms) = postSolution
		{B1357781-B0A9-4BCE-AD19-263F9B302643}.Debug|Any CPU.ActiveCfg = Debug|Any CPU
		{B1357781-B0A9-4BCE-AD19-263F9B302643}.Debug|Any CPU.Build.0 = Debug|Any CPU
		{B1357781-B0A9-4BCE-AD19-263F9B302643}.Release|Any CPU.ActiveCfg = Release|Any CPU
		{B1357781-B0A9-4BCE-AD19-263F9B302643}.Release|Any CPU.Build.0 = Release|Any CPU
		{90F9E724-FC8D-43D5-B725-A19F4A28177A}.Debug|Any CPU.ActiveCfg = Debug|Any CPU
		{90F9E724-FC8D-43D5-B725-A19F4A28177A}.Debug|Any CPU.Build.0 = Debug|Any CPU
		{90F9E724-FC8D-43D5-B725-A19F4A28177A}.Release|Any CPU.ActiveCfg = Release|Any CPU
		{90F9E724-FC8D-43D5-B725-A19F4A28177A}.Release|Any CPU.Build.0 = Release|Any CPU
	EndGlobalSection
	GlobalSection(SolutionProperties) = preSolution
		HideSolutionNode = FALSE
	EndGlobalSection
	GlobalSection(ExtensibilityGlobals) = postSolution
		SolutionGuid = {C18AA1EF-68DF-4733-8CD6-849146135985}
	EndGlobalSection
EndGlobal
